<?xml version="1.0" encoding="utf-8"?>
<Project ToolsVersion="4.0" xmlns="http://schemas.microsoft.com/developer/msbuild/2003">
  <ItemGroup>
    <Filter Include="Source Files">
      <UniqueIdentifier>{920574b7-1b0a-461d-8c6a-1e5a9c745fb5}</UniqueIdentifier>
      <Extensions>cpp;c;cxx;rc;def;r;odl;idl;hpj;bat</Extensions>
    </Filter>
    <Filter Include="Header Files">
      <UniqueIdentifier>{130343f2-1081-4a04-8eb3-427078f989c6}</UniqueIdentifier>
      <Extensions>h;hpp;hxx;hm;inl</Extensions>
    </Filter>
    <Filter Include="Resource Files">
      <UniqueIdentifier>{b5549229-ba74-45be-a893-fab3fb089368}</UniqueIdentifier>
      <Extensions>ico;cur;bmp;dlg;rc2;rct;bin;rgs;gif;jpg;jpeg;jpe</Extensions>
    </Filter>
  </ItemGroup>
  <ItemGroup>
    <ClCompile Include="TCPServer.cpp">
      <Filter>Source Files</Filter>
    </ClCompile>
    <ClCompile Include="EmptyUserContainer.cpp">
      <Filter>Source Files</Filter>
    </ClCompile>
    <ClCompile Include="User.cpp">
      <Filter>Source Files</Filter>
    </ClCompile>
    <ClCompile Include="UserManager.cpp">
      <Filter>Source Files</Filter>
    </ClCompile>
    <ClCompile Include="iocp.cpp">
      <Filter>Source Files</Filter>
    </ClCompile>
    <ClCompile Include="CirQueue.cpp">
      <Filter>Source Files</Filter>
    </ClCompile>
  </ItemGroup>
  <ItemGroup>
    <ClInclude Include="EmptyUserContainer.h">
      <Filter>Header Files</Filter>
    </ClInclude>
    <ClInclude Include="User.h">
      <Filter>Header Files</Filter>
    </ClInclude>
    <ClInclude Include="UserManager.h">
      <Filter>Header Files</Filter>
    </ClInclude>
    <ClInclude Include="iocp.h">
      <Filter>Header Files</Filter>
    </ClInclude>
    <ClInclude Include="CirQueue.h">
      <Filter>Header Files</Filter>
    </ClInclude>
    <ClInclude Include="packet.h">
      <Filter>Header Files</Filter>
    </ClInclude>
  </ItemGroup>
</Project>