<?xml version="1.0" encoding="utf-8"?>
<Project ToolsVersion="4.0" xmlns="http://schemas.microsoft.com/developer/msbuild/2003">
  <ItemGroup>
    <Filter Include="소스 파일">
      <UniqueIdentifier>{4FC737F1-C7A5-4376-A066-2A32D752A2FF}</UniqueIdentifier>
      <Extensions>cpp;c;cc;cxx;def;odl;idl;hpj;bat;asm;asmx</Extensions>
    </Filter>
    <Filter Include="헤더 파일">
      <UniqueIdentifier>{93995380-89BD-4b04-88EB-625FBE52EBFB}</UniqueIdentifier>
      <Extensions>h;hh;hpp;hxx;hm;inl;inc;xsd</Extensions>
    </Filter>
    <Filter Include="리소스 파일">
      <UniqueIdentifier>{67DA6AB6-F800-4c08-8B7A-83BB121AAD01}</UniqueIdentifier>
      <Extensions>rc;ico;cur;bmp;dlg;rc2;rct;bin;rgs;gif;jpg;jpeg;jpe;resx;tiff;tif;png;wav;mfcribbon-ms</Extensions>
    </Filter>
  </ItemGroup>
  <ItemGroup>
    <Text Include="ReadMe.txt" />
  </ItemGroup>
  <ItemGroup>
    <ClInclude Include="Resource.h">
      <Filter>헤더 파일</Filter>
    </ClInclude>
    <ClInclude Include="global.h">
      <Filter>헤더 파일</Filter>
    </ClInclude>
    <ClInclude Include="FrameOpenGL.h">
      <Filter>헤더 파일</Filter>
    </ClInclude>
    <ClInclude Include="glf.h">
      <Filter>헤더 파일</Filter>
    </ClInclude>
    <ClInclude Include="dsDef.h">
      <Filter>헤더 파일</Filter>
    </ClInclude>
    <ClInclude Include="dsObject.h">
      <Filter>헤더 파일</Filter>
    </ClInclude>
    <ClInclude Include="dsResource.h">
      <Filter>헤더 파일</Filter>
    </ClInclude>
    <ClInclude Include="dsTexture.h">
      <Filter>헤더 파일</Filter>
    </ClInclude>
    <ClInclude Include="dsVector2.h">
      <Filter>헤더 파일</Filter>
    </ClInclude>
    <ClInclude Include="dsVector3.h">
      <Filter>헤더 파일</Filter>
    </ClInclude>
    <ClInclude Include="dsLua.h">
      <Filter>헤더 파일</Filter>
    </ClInclude>
    <ClInclude Include="dsSound.h">
      <Filter>헤더 파일</Filter>
    </ClInclude>
    <ClInclude Include="dsOpenALSoundManager.h">
      <Filter>헤더 파일</Filter>
    </ClInclude>
    <ClInclude Include="dsManager.h">
      <Filter>헤더 파일</Filter>
    </ClInclude>
    <ClInclude Include="CWaves.h">
      <Filter>헤더 파일</Filter>
    </ClInclude>
    <ClInclude Include="MyCharacter.h">
      <Filter>헤더 파일</Filter>
    </ClInclude>
    <ClInclude Include="MyObject.h">
      <Filter>헤더 파일</Filter>
    </ClInclude>
    <ClInclude Include="CMyMath.h">
      <Filter>헤더 파일</Filter>
    </ClInclude>
    <ClInclude Include="CMyBullet.h">
      <Filter>헤더 파일</Filter>
    </ClInclude>
    <ClInclude Include="CMyBulletObject.h">
      <Filter>헤더 파일</Filter>
    </ClInclude>
    <ClInclude Include="Debug.h">
      <Filter>헤더 파일</Filter>
    </ClInclude>
    <ClInclude Include="CMyEnemy.h">
      <Filter>헤더 파일</Filter>
    </ClInclude>
    <ClInclude Include="CMyHpObject.h">
      <Filter>헤더 파일</Filter>
    </ClInclude>
    <ClInclude Include="CMyEnemyAttackPatten.h">
      <Filter>헤더 파일</Filter>
    </ClInclude>
    <ClInclude Include="CMyEnemyAttack1.h">
      <Filter>헤더 파일</Filter>
    </ClInclude>
  </ItemGroup>
  <ItemGroup>
    <ClCompile Include="OpenGL_Templete.cpp">
      <Filter>소스 파일</Filter>
    </ClCompile>
    <ClCompile Include="FrameOpenGL.cpp">
      <Filter>소스 파일</Filter>
    </ClCompile>
    <ClCompile Include="glf.c">
      <Filter>소스 파일</Filter>
    </ClCompile>
    <ClCompile Include="dsObject.cpp">
      <Filter>소스 파일</Filter>
    </ClCompile>
    <ClCompile Include="dsResource.cpp">
      <Filter>소스 파일</Filter>
    </ClCompile>
    <ClCompile Include="dsTexture.cpp">
      <Filter>소스 파일</Filter>
    </ClCompile>
    <ClCompile Include="dsVector2.cpp">
      <Filter>소스 파일</Filter>
    </ClCompile>
    <ClCompile Include="dsVector3.cpp">
      <Filter>소스 파일</Filter>
    </ClCompile>
    <ClCompile Include="dsLua.cpp">
      <Filter>소스 파일</Filter>
    </ClCompile>
    <ClCompile Include="dsSound.cpp">
      <Filter>소스 파일</Filter>
    </ClCompile>
    <ClCompile Include="dsOpenALSoundManager.cpp">
      <Filter>소스 파일</Filter>
    </ClCompile>
    <ClCompile Include="dsManager.cpp">
      <Filter>소스 파일</Filter>
    </ClCompile>
    <ClCompile Include="CWaves.cpp">
      <Filter>소스 파일</Filter>
    </ClCompile>
    <ClCompile Include="MyCharacter.cpp">
      <Filter>소스 파일</Filter>
    </ClCompile>
    <ClCompile Include="MyObject.cpp">
      <Filter>소스 파일</Filter>
    </ClCompile>
    <ClCompile Include="CMyMath.cpp">
      <Filter>소스 파일</Filter>
    </ClCompile>
    <ClCompile Include="CMyBullet.cpp">
      <Filter>소스 파일</Filter>
    </ClCompile>
    <ClCompile Include="CMyBulletObject.cpp">
      <Filter>소스 파일</Filter>
    </ClCompile>
    <ClCompile Include="Debug.cpp">
      <Filter>소스 파일</Filter>
    </ClCompile>
    <ClCompile Include="CMyEnemy.cpp">
      <Filter>소스 파일</Filter>
    </ClCompile>
    <ClCompile Include="CMyHpObject.cpp">
      <Filter>소스 파일</Filter>
    </ClCompile>
    <ClCompile Include="CMyEnemyAttackPatten.cpp">
      <Filter>소스 파일</Filter>
    </ClCompile>
    <ClCompile Include="CMyEnemyAttack1.cpp">
      <Filter>소스 파일</Filter>
    </ClCompile>
  </ItemGroup>
  <ItemGroup>
    <ResourceCompile Include="OpenGL_Templete.rc">
      <Filter>리소스 파일</Filter>
    </ResourceCompile>
  </ItemGroup>
  <ItemGroup>
    <Image Include="small.ico">
      <Filter>리소스 파일</Filter>
    </Image>
    <Image Include="OpenGL_Templete.ico">
      <Filter>리소스 파일</Filter>
    </Image>
  </ItemGroup>
</Project>